
Microsoft Visual Studio Solution File, Format Version 12.00
Project("{FAE04EC0-301F-11D3-BF4B-00C04F79EFBC}") = "Tema2", "Tema2\Tema2.csproj", "{7D208954-3F6B-4313-A064-2421BEEE192D}"
EndProject
Global
	GlobalSection(SolutionConfigurationPlatforms) = preSolution
		Debug|Any CPU = Debug|Any CPU
		Release|Any CPU = Release|Any CPU
	EndGlobalSection
	GlobalSection(ProjectConfigurationPlatforms) = postSolution
		{7D208954-3F6B-4313-A064-2421BEEE192D}.Debug|Any CPU.ActiveCfg = Debug|Any CPU
		{7D208954-3F6B-4313-A064-2421BEEE192D}.Debug|Any CPU.Build.0 = Debug|Any CPU
		{7D208954-3F6B-4313-A064-2421BEEE192D}.Release|Any CPU.ActiveCfg = Release|Any CPU
		{7D208954-3F6B-4313-A064-2421BEEE192D}.Release|Any CPU.Build.0 = Release|Any CPU
	EndGlobalSection
EndGlobal
